
Microsoft Visual Studio Solution File, Format Version 12.00
Project("{FAE04EC0-301F-11D3-BF4B-00C04F79EFBC}") = "CompositePattern", "CompositePattern\CompositePattern.csproj", "{5607E59E-DA9B-408A-9D9A-A473CF0318E2}"
EndProject
Global
	GlobalSection(SolutionConfigurationPlatforms) = preSolution
		Debug|Any CPU = Debug|Any CPU
		Release|Any CPU = Release|Any CPU
	EndGlobalSection
	GlobalSection(ProjectConfigurationPlatforms) = postSolution
		{5607E59E-DA9B-408A-9D9A-A473CF0318E2}.Debug|Any CPU.ActiveCfg = Debug|Any CPU
		{5607E59E-DA9B-408A-9D9A-A473CF0318E2}.Debug|Any CPU.Build.0 = Debug|Any CPU
		{5607E59E-DA9B-408A-9D9A-A473CF0318E2}.Release|Any CPU.ActiveCfg = Release|Any CPU
		{5607E59E-DA9B-408A-9D9A-A473CF0318E2}.Release|Any CPU.Build.0 = Release|Any CPU
	EndGlobalSection
EndGlobal
